
Microsoft Visual Studio Solution File, Format Version 12.00
# Visual Studio Version 17
VisualStudioVersion = 17.0.31903.59
MinimumVisualStudioVersion = 10.0.40219.1
Project("{FAE04EC0-301F-11D3-BF4B-00C04F79EFBC}") = "Dustech.CategoryTheory.UI", "Dustech.CategoryTheory.UI\Dustech.CategoryTheory.UI.csproj", "{2BE836DC-07DD-4EB5-99DF-EA83C89BC4BD}"
EndProject
Project("{FAE04EC0-301F-11D3-BF4B-00C04F79EFBC}") = "Dustech.CategoryTheory.OOP", "Dustech.CategoryTheory.OOP\Dustech.CategoryTheory.OOP.csproj", "{6C0DD8C1-7691-4846-BE64-00008DE2FB58}"
EndProject
Project("{F2A71F9B-5D33-465A-A702-920D77279786}") = "Dustech.CategoryTheory.Functional", "Dustech.CategoryTheory.Functional\Dustech.CategoryTheory.Functional.fsproj", "{247E036B-CB00-4BD9-97DB-11B011BFE07D}"
EndProject
Global
	GlobalSection(SolutionConfigurationPlatforms) = preSolution
		Debug|Any CPU = Debug|Any CPU
		Release|Any CPU = Release|Any CPU
	EndGlobalSection
	GlobalSection(SolutionProperties) = preSolution
		HideSolutionNode = FALSE
	EndGlobalSection
	GlobalSection(ProjectConfigurationPlatforms) = postSolution
		{2BE836DC-07DD-4EB5-99DF-EA83C89BC4BD}.Debug|Any CPU.ActiveCfg = Debug|Any CPU
		{2BE836DC-07DD-4EB5-99DF-EA83C89BC4BD}.Debug|Any CPU.Build.0 = Debug|Any CPU
		{2BE836DC-07DD-4EB5-99DF-EA83C89BC4BD}.Release|Any CPU.ActiveCfg = Release|Any CPU
		{2BE836DC-07DD-4EB5-99DF-EA83C89BC4BD}.Release|Any CPU.Build.0 = Release|Any CPU
		{6C0DD8C1-7691-4846-BE64-00008DE2FB58}.Debug|Any CPU.ActiveCfg = Debug|Any CPU
		{6C0DD8C1-7691-4846-BE64-00008DE2FB58}.Debug|Any CPU.Build.0 = Debug|Any CPU
		{6C0DD8C1-7691-4846-BE64-00008DE2FB58}.Release|Any CPU.ActiveCfg = Release|Any CPU
		{6C0DD8C1-7691-4846-BE64-00008DE2FB58}.Release|Any CPU.Build.0 = Release|Any CPU
		{247E036B-CB00-4BD9-97DB-11B011BFE07D}.Debug|Any CPU.ActiveCfg = Debug|Any CPU
		{247E036B-CB00-4BD9-97DB-11B011BFE07D}.Debug|Any CPU.Build.0 = Debug|Any CPU
		{247E036B-CB00-4BD9-97DB-11B011BFE07D}.Release|Any CPU.ActiveCfg = Release|Any CPU
		{247E036B-CB00-4BD9-97DB-11B011BFE07D}.Release|Any CPU.Build.0 = Release|Any CPU
	EndGlobalSection
EndGlobal
